// !$*UTF8*$!
{
	archiveVersion = 1;
	classes = {
	};
	objectVersion = 55;
	objects = {

/* Begin PBXBuildFile section */
		55DC53212AEC115B005E72DE /* AppDelegate.swift in Sources */ = {isa = PBXBuildFile; fileRef = 55DC53202AEC115B005E72DE /* AppDelegate.swift */; };
		55DC53232AEC115B005E72DE /* SceneDelegate.swift in Sources */ = {isa = PBXBuildFile; fileRef = 55DC53222AEC115B005E72DE /* SceneDelegate.swift */; };
		55DC53252AEC115B005E72DE /* ViewController.swift in Sources */ = {isa = PBXBuildFile; fileRef = 55DC53242AEC115B005E72DE /* ViewController.swift */; };
		55DC53282AEC115B005E72DE /* Main.storyboard in Resources */ = {isa = PBXBuildFile; fileRef = 55DC53262AEC115B005E72DE /* Main.storyboard */; };
		55DC532B2AEC115B005E72DE /* QueaColleccionDeJuegos.xcdatamodeld in Sources */ = {isa = PBXBuildFile; fileRef = 55DC53292AEC115B005E72DE /* QueaColleccionDeJuegos.xcdatamodeld */; };
		55DC532D2AEC115F005E72DE /* Assets.xcassets in Resources */ = {isa = PBXBuildFile; fileRef = 55DC532C2AEC115F005E72DE /* Assets.xcassets */; };
		55DC53302AEC115F005E72DE /* LaunchScreen.storyboard in Resources */ = {isa = PBXBuildFile; fileRef = 55DC532E2AEC115F005E72DE /* LaunchScreen.storyboard */; };
		55DC53382AEC19AC005E72DE /* JuegosViewController.swift in Sources */ = {isa = PBXBuildFile; fileRef = 55DC53372AEC19AC005E72DE /* JuegosViewController.swift */; };
/* End PBXBuildFile section */

/* Begin PBXFileReference section */
		55DC531D2AEC115B005E72DE /* QueaColleccionDeJuegos.app */ = {isa = PBXFileReference; explicitFileType = wrapper.application; includeInIndex = 0; path = QueaColleccionDeJuegos.app; sourceTree = BUILT_PRODUCTS_DIR; };
		55DC53202AEC115B005E72DE /* AppDelegate.swift */ = {isa = PBXFileReference; lastKnownFileType = sourcecode.swift; path = AppDelegate.swift; sourceTree = "<group>"; };
		55DC53222AEC115B005E72DE /* SceneDelegate.swift */ = {isa = PBXFileReference; lastKnownFileType = sourcecode.swift; path = SceneDelegate.swift; sourceTree = "<group>"; };
		55DC53242AEC115B005E72DE /* ViewController.swift */ = {isa = PBXFileReference; lastKnownFileType = sourcecode.swift; path = ViewController.swift; sourceTree = "<group>"; };
		55DC53272AEC115B005E72DE /* Base */ = {isa = PBXFileReference; lastKnownFileType = file.storyboard; name = Base; path = Base.lproj/Main.storyboard; sourceTree = "<group>"; };
		55DC532A2AEC115B005E72DE /* QueaColleccionDeJuegos.xcdatamodel */ = {isa = PBXFileReference; lastKnownFileType = wrapper.xcdatamodel; path = QueaColleccionDeJuegos.xcdatamodel; sourceTree = "<group>"; };
		55DC532C2AEC115F005E72DE /* Assets.xcassets */ = {isa = PBXFileReference; lastKnownFileType = folder.assetcatalog; path = Assets.xcassets; sourceTree = "<group>"; };
		55DC532F2AEC115F005E72DE /* Base */ = {isa = PBXFileReference; lastKnownFileType = file.storyboard; name = Base; path = Base.lproj/LaunchScreen.storyboard; sourceTree = "<group>"; };
		55DC53312AEC115F005E72DE /* Info.plist */ = {isa = PBXFileReference; lastKnownFileType = text.plist.xml; path = Info.plist; sourceTree = "<group>"; };
		55DC53372AEC19AC005E72DE /* JuegosViewController.swift */ = {isa = PBXFileReference; lastKnownFileType = sourcecode.swift; path = JuegosViewController.swift; sourceTree = "<group>"; };
/* End PBXFileReference section */

/* Begin PBXFrameworksBuildPhase section */
		55DC531A2AEC115B005E72DE /* Frameworks */ = {
			isa = PBXFrameworksBuildPhase;
			buildActionMask = 2147483647;
			files = (
			);
			runOnlyForDeploymentPostprocessing = 0;
		};
/* End PBXFrameworksBuildPhase section */

/* Begin PBXGroup section */
		55DC53142AEC115A005E72DE = {
			isa = PBXGroup;
			children = (
				55DC531F2AEC115B005E72DE /* QueaColleccionDeJuegos */,
				55DC531E2AEC115B005E72DE /* Products */,
			);
			sourceTree = "<group>";
		};
		55DC531E2AEC115B005E72DE /* Products */ = {
			isa = PBXGroup;
			children = (
				55DC531D2AEC115B005E72DE /* QueaColleccionDeJuegos.app */,
			);
			name = Products;
			sourceTree = "<group>";
		};
		55DC531F2AEC115B005E72DE /* QueaColleccionDeJuegos */ = {
			isa = PBXGroup;
			children = (
				55DC53202AEC115B005E72DE /* AppDelegate.swift */,
				55DC53222AEC115B005E72DE /* SceneDelegate.swift */,
				55DC53242AEC115B005E72DE /* ViewController.swift */,
				55DC53262AEC115B005E72DE /* Main.storyboard */,
				55DC53372AEC19AC005E72DE /* JuegosViewController.swift */,
				55DC532C2AEC115F005E72DE /* Assets.xcassets */,
				55DC532E2AEC115F005E72DE /* LaunchScreen.storyboard */,
				55DC53312AEC115F005E72DE /* Info.plist */,
				55DC53292AEC115B005E72DE /* QueaColleccionDeJuegos.xcdatamodeld */,
			);
			path = QueaColleccionDeJuegos;
			sourceTree = "<group>";
		};
/* End PBXGroup section */

/* Begin PBXNativeTarget section */
		55DC531C2AEC115B005E72DE /* QueaColleccionDeJuegos */ = {
			isa = PBXNativeTarget;
			buildConfigurationList = 55DC53342AEC1160005E72DE /* Build configuration list for PBXNativeTarget "QueaColleccionDeJuegos" */;
			buildPhases = (
				55DC53192AEC115B005E72DE /* Sources */,
				55DC531A2AEC115B005E72DE /* Frameworks */,
				55DC531B2AEC115B005E72DE /* Resources */,
			);
			buildRules = (
			);
			dependencies = (
			);
			name = QueaColleccionDeJuegos;
			productName = QueaColleccionDeJuegos;
			productReference = 55DC531D2AEC115B005E72DE /* QueaColleccionDeJuegos.app */;
			productType = "com.apple.product-type.application";
		};
/* End PBXNativeTarget section */

/* Begin PBXProject section */
		55DC53152AEC115A005E72DE /* Project object */ = {
			isa = PBXProject;
			attributes = {
				BuildIndependentTargetsInParallel = 1;
				LastSwiftUpdateCheck = 1330;
				LastUpgradeCheck = 1330;
				TargetAttributes = {
					55DC531C2AEC115B005E72DE = {
						CreatedOnToolsVersion = 13.3;
					};
				};
			};
			buildConfigurationList = 55DC53182AEC115A005E72DE /* Build configuration list for PBXProject "QueaColleccionDeJuegos" */;
			compatibilityVersion = "Xcode 13.0";
			developmentRegion = en;
			hasScannedForEncodings = 0;
			knownRegions = (
				en,
				Base,
			);
			mainGroup = 55DC53142AEC115A005E72DE;
			productRefGroup = 55DC531E2AEC115B005E72DE /* Products */;
			projectDirPath = "";
			projectRoot = "";
			targets = (
				55DC531C2AEC115B005E72DE /* QueaColleccionDeJuegos */,
			);
		};
/* End PBXProject section */

/* Begin PBXResourcesBuildPhase section */
		55DC531B2AEC115B005E72DE /* Resources */ = {
			isa = PBXResourcesBuildPhase;
			buildActionMask = 2147483647;
			files = (
				55DC53302AEC115F005E72DE /* LaunchScreen.storyboard in Resources */,
				55DC532D2AEC115F005E72DE /* Assets.xcassets in Resources */,
				55DC53282AEC115B005E72DE /* Main.storyboard in Resources */,
			);
			runOnlyForDeploymentPostprocessing = 0;
		};
/* End PBXResourcesBuildPhase section */

/* Begin PBXSourcesBuildPhase section */
		55DC53192AEC115B005E72DE /* Sources */ = {
			isa = PBXSourcesBuildPhase;
			buildActionMask = 2147483647;
			files = (
				55DC53382AEC19AC005E72DE /* JuegosViewController.swift in Sources */,
				55DC532B2AEC115B005E72DE /* QueaColleccionDeJuegos.xcdatamodeld in Sources */,
				55DC53252AEC115B005E72DE /* ViewController.swift in Sources */,
				55DC53212AEC115B005E72DE /* AppDelegate.swift in Sources */,
				55DC53232AEC115B005E72DE /* SceneDelegate.swift in Sources */,
			);
			runOnlyForDeploymentPostprocessing = 0;
		};
/* End PBXSourcesBuildPhase section */

/* Begin PBXVariantGroup section */
		55DC53262AEC115B005E72DE /* Main.storyboard */ = {
			isa = PBXVariantGroup;
			children = (
				55DC53272AEC115B005E72DE /* Base */,
			);
			name = Main.storyboard;
			sourceTree = "<group>";
		};
		55DC532E2AEC115F005E72DE /* LaunchScreen.storyboard */ = {
			isa = PBXVariantGroup;
			children = (
				55DC532F2AEC115F005E72DE /* Base */,
			);
			name = LaunchScreen.storyboard;
			sourceTree = "<group>";
		};
/* End PBXVariantGroup section */

/* Begin XCBuildConfiguration section */
		55DC53322AEC115F005E72DE /* Debug */ = {
			isa = XCBuildConfiguration;
			buildSettings = {
				ALWAYS_SEARCH_USER_PATHS = NO;
				CLANG_ANALYZER_NONNULL = YES;
				CLANG_ANALYZER_NUMBER_OBJECT_CONVERSION = YES_AGGRESSIVE;
				CLANG_CXX_LANGUAGE_STANDARD = "gnu++17";
				CLANG_ENABLE_MODULES = YES;
				CLANG_ENABLE_OBJC_ARC = YES;
				CLANG_ENABLE_OBJC_WEAK = YES;
				CLANG_WARN_BLOCK_CAPTURE_AUTORELEASING = YES;
				CLANG_WARN_BOOL_CONVERSION = YES;
				CLANG_WARN_COMMA = YES;
				CLANG_WARN_CONSTANT_CONVERSION = YES;
				CLANG_WARN_DEPRECATED_OBJC_IMPLEMENTATIONS = YES;
				CLANG_WARN_DIRECT_OBJC_ISA_USAGE = YES_ERROR;
				CLANG_WARN_DOCUMENTATION_COMMENTS = YES;
				CLANG_WARN_EMPTY_BODY = YES;
				CLANG_WARN_ENUM_CONVERSION = YES;
				CLANG_WARN_INFINITE_RECURSION = YES;
				CLANG_WARN_INT_CONVERSION = YES;
				CLANG_WARN_NON_LITERAL_NULL_CONVERSION = YES;
				CLANG_WARN_OBJC_IMPLICIT_RETAIN_SELF = YES;
				CLANG_WARN_OBJC_LITERAL_CONVERSION = YES;
				CLANG_WARN_OBJC_ROOT_CLASS = YES_ERROR;
				CLANG_WARN_QUOTED_INCLUDE_IN_FRAMEWORK_HEADER = YES;
				CLANG_WARN_RANGE_LOOP_ANALYSIS = YES;
				CLANG_WARN_STRICT_PROTOTYPES = YES;
				CLANG_WARN_SUSPICIOUS_MOVE = YES;
				CLANG_WARN_UNGUARDED_AVAILABILITY = YES_AGGRESSIVE;
				CLANG_WARN_UNREACHABLE_CODE = YES;
				CLANG_WARN__DUPLICATE_METHOD_MATCH = YES;
				COPY_PHASE_STRIP = NO;
				DEBUG_INFORMATION_FORMAT = dwarf;
				ENABLE_STRICT_OBJC_MSGSEND = YES;
				ENABLE_TESTABILITY = YES;
				GCC_C_LANGUAGE_STANDARD = gnu11;
				GCC_DYNAMIC_NO_PIC = NO;
				GCC_NO_COMMON_BLOCKS = YES;
				GCC_OPTIMIZATION_LEVEL = 0;
				GCC_PREPROCESSOR_DEFINITIONS = (
					"DEBUG=1",
					"$(inherited)",
				);
				GCC_WARN_64_TO_32_BIT_CONVERSION = YES;
				GCC_WARN_ABOUT_RETURN_TYPE = YES_ERROR;
				GCC_WARN_UNDECLARED_SELECTOR = YES;
				GCC_WARN_UNINITIALIZED_AUTOS = YES_AGGRESSIVE;
				GCC_WARN_UNUSED_FUNCTION = YES;
				GCC_WARN_UNUSED_VARIABLE = YES;
				IPHONEOS_DEPLOYMENT_TARGET = 15.4;
				MTL_ENABLE_DEBUG_INFO = INCLUDE_SOURCE;
				MTL_FAST_MATH = YES;
				ONLY_ACTIVE_ARCH = YES;
				SDKROOT = iphoneos;
				SWIFT_ACTIVE_COMPILATION_CONDITIONS = DEBUG;
				SWIFT_OPTIMIZATION_LEVEL = "-Onone";
			};
			name = Debug;
		};
		55DC53332AEC115F005E72DE /* Release */ = {
			isa = XCBuildConfiguration;
			buildSettings = {
				ALWAYS_SEARCH_USER_PATHS = NO;
				CLANG_ANALYZER_NONNULL = YES;
				CLANG_ANALYZER_NUMBER_OBJECT_CONVERSION = YES_AGGRESSIVE;
				CLANG_CXX_LANGUAGE_STANDARD = "gnu++17";
				CLANG_ENABLE_MODULES = YES;
				CLANG_ENABLE_OBJC_ARC = YES;
				CLANG_ENABLE_OBJC_WEAK = YES;
				CLANG_WARN_BLOCK_CAPTURE_AUTORELEASING = YES;
				CLANG_WARN_BOOL_CONVERSION = YES;
				CLANG_WARN_COMMA = YES;
				CLANG_WARN_CONSTANT_CONVERSION = YES;
				CLANG_WARN_DEPRECATED_OBJC_IMPLEMENTATIONS = YES;
				CLANG_WARN_DIRECT_OBJC_ISA_USAGE = YES_ERROR;
				CLANG_WARN_DOCUMENTATION_COMMENTS = YES;
				CLANG_WARN_EMPTY_BODY = YES;
				CLANG_WARN_ENUM_CONVERSION = YES;
				CLANG_WARN_INFINITE_RECURSION = YES;
				CLANG_WARN_INT_CONVERSION = YES;
				CLANG_WARN_NON_LITERAL_NULL_CONVERSION = YES;
				CLANG_WARN_OBJC_IMPLICIT_RETAIN_SELF = YES;
				CLANG_WARN_OBJC_LITERAL_CONVERSION = YES;
				CLANG_WARN_OBJC_ROOT_CLASS = YES_ERROR;
				CLANG_WARN_QUOTED_INCLUDE_IN_FRAMEWORK_HEADER = YES;
				CLANG_WARN_RANGE_LOOP_ANALYSIS = YES;
				CLANG_WARN_STRICT_PROTOTYPES = YES;
				CLANG_WARN_SUSPICIOUS_MOVE = YES;
				CLANG_WARN_UNGUARDED_AVAILABILITY = YES_AGGRESSIVE;
				CLANG_WARN_UNREACHABLE_CODE = YES;
				CLANG_WARN__DUPLICATE_METHOD_MATCH = YES;
				COPY_PHASE_STRIP = NO;
				DEBUG_INFORMATION_FORMAT = "dwarf-with-dsym";
				ENABLE_NS_ASSERTIONS = NO;
				ENABLE_STRICT_OBJC_MSGSEND = YES;
				GCC_C_LANGUAGE_STANDARD = gnu11;
				GCC_NO_COMMON_BLOCKS = YES;
				GCC_WARN_64_TO_32_BIT_CONVERSION = YES;
				GCC_WARN_ABOUT_RETURN_TYPE = YES_ERROR;
				GCC_WARN_UNDECLARED_SELECTOR = YES;
				GCC_WARN_UNINITIALIZED_AUTOS = YES_AGGRESSIVE;
				GCC_WARN_UNUSED_FUNCTION = YES;
				GCC_WARN_UNUSED_VARIABLE = YES;
				IPHONEOS_DEPLOYMENT_TARGET = 15.4;
				MTL_ENABLE_DEBUG_INFO = NO;
				MTL_FAST_MATH = YES;
				SDKROOT = iphoneos;
				SWIFT_COMPILATION_MODE = wholemodule;
				SWIFT_OPTIMIZATION_LEVEL = "-O";
				VALIDATE_PRODUCT = YES;
			};
			name = Release;
		};
		55DC53352AEC1160005E72DE /* Debug */ = {
			isa = XCBuildConfiguration;
			buildSettings = {
				ASSETCATALOG_COMPILER_APPICON_NAME = AppIcon;
				ASSETCATALOG_COMPILER_GLOBAL_ACCENT_COLOR_NAME = AccentColor;
				CODE_SIGN_STYLE = Automatic;
				CURRENT_PROJECT_VERSION = 1;
				GENERATE_INFOPLIST_FILE = YES;
				INFOPLIST_FILE = QueaColleccionDeJuegos/Info.plist;
				INFOPLIST_KEY_UIApplicationSupportsIndirectInputEvents = YES;
				INFOPLIST_KEY_UILaunchStoryboardName = LaunchScreen;
				INFOPLIST_KEY_UIMainStoryboardFile = Main;
				INFOPLIST_KEY_UISupportedInterfaceOrientations_iPad = "UIInterfaceOrientationPortrait UIInterfaceOrientationPortraitUpsideDown UIInterfaceOrientationLandscapeLeft UIInterfaceOrientationLandscapeRight";
				INFOPLIST_KEY_UISupportedInterfaceOrientations_iPhone = "UIInterfaceOrientationPortrait UIInterfaceOrientationLandscapeLeft UIInterfaceOrientationLandscapeRight";
				LD_RUNPATH_SEARCH_PATHS = (
					"$(inherited)",
					"@executable_path/Frameworks",
				);
				MARKETING_VERSION = 1.0;
				PRODUCT_BUNDLE_IDENTIFIER = qjcoder.com.QueaColleccionDeJuegos;
				PRODUCT_NAME = "$(TARGET_NAME)";
				SWIFT_EMIT_LOC_STRINGS = YES;
				SWIFT_VERSION = 5.0;
				TARGETED_DEVICE_FAMILY = "1,2";
			};
			name = Debug;
		};
		55DC53362AEC1160005E72DE /* Release */ = {
			isa = XCBuildConfiguration;
			buildSettings = {
				ASSETCATALOG_COMPILER_APPICON_NAME = AppIcon;
				ASSETCATALOG_COMPILER_GLOBAL_ACCENT_COLOR_NAME = AccentColor;
				CODE_SIGN_STYLE = Automatic;
				CURRENT_PROJECT_VERSION = 1;
				GENERATE_INFOPLIST_FILE = YES;
				INFOPLIST_FILE = QueaColleccionDeJuegos/Info.plist;
				INFOPLIST_KEY_UIApplicationSupportsIndirectInputEvents = YES;
				INFOPLIST_KEY_UILaunchStoryboardName = LaunchScreen;
				INFOPLIST_KEY_UIMainStoryboardFile = Main;
				INFOPLIST_KEY_UISupportedInterfaceOrientations_iPad = "UIInterfaceOrientationPortrait UIInterfaceOrientationPortraitUpsideDown UIInterfaceOrientationLandscapeLeft UIInterfaceOrientationLandscapeRight";
				INFOPLIST_KEY_UISupportedInterfaceOrientations_iPhone = "UIInterfaceOrientationPortrait UIInterfaceOrientationLandscapeLeft UIInterfaceOrientationLandscapeRight";
				LD_RUNPATH_SEARCH_PATHS = (
					"$(inherited)",
					"@executable_path/Frameworks",
				);
				MARKETING_VERSION = 1.0;
				PRODUCT_BUNDLE_IDENTIFIER = qjcoder.com.QueaColleccionDeJuegos;
				PRODUCT_NAME = "$(TARGET_NAME)";
				SWIFT_EMIT_LOC_STRINGS = YES;
				SWIFT_VERSION = 5.0;
				TARGETED_DEVICE_FAMILY = "1,2";
			};
			name = Release;
		};
/* End XCBuildConfiguration section */

/* Begin XCConfigurationList section */
		55DC53182AEC115A005E72DE /* Build configuration list for PBXProject "QueaColleccionDeJuegos" */ = {
			isa = XCConfigurationList;
			buildConfigurations = (
				55DC53322AEC115F005E72DE /* Debug */,
				55DC53332AEC115F005E72DE /* Release */,
			);
			defaultConfigurationIsVisible = 0;
			defaultConfigurationName = Release;
		};
		55DC53342AEC1160005E72DE /* Build configuration list for PBXNativeTarget "QueaColleccionDeJuegos" */ = {
			isa = XCConfigurationList;
			buildConfigurations = (
				55DC53352AEC1160005E72DE /* Debug */,
				55DC53362AEC1160005E72DE /* Release */,
			);
			defaultConfigurationIsVisible = 0;
			defaultConfigurationName = Release;
		};
/* End XCConfigurationList section */

/* Begin XCVersionGroup section */
		55DC53292AEC115B005E72DE /* QueaColleccionDeJuegos.xcdatamodeld */ = {
			isa = XCVersionGroup;
			children = (
				55DC532A2AEC115B005E72DE /* QueaColleccionDeJuegos.xcdatamodel */,
			);
			currentVersion = 55DC532A2AEC115B005E72DE /* QueaColleccionDeJuegos.xcdatamodel */;
			path = QueaColleccionDeJuegos.xcdatamodeld;
			sourceTree = "<group>";
			versionGroupType = wrapper.xcdatamodel;
		};
/* End XCVersionGroup section */
	};
	rootObject = 55DC53152AEC115A005E72DE /* Project object */;
}
